
Microsoft Visual Studio Solution File, Format Version 12.00
# Visual Studio 14
VisualStudioVersion = 14.0.25420.1
MinimumVisualStudioVersion = 10.0.40219.1
Project("{FAE04EC0-301F-11D3-BF4B-00C04F79EFBC}") = "Asp.Net_MVC", "Asp.Net_MVC\Asp.Net_MVC.csproj", "{809F83B2-6C82-4C58-A6D3-BFF9031150E6}"
EndProject
Project("{2150E333-8FDC-42A3-9474-1A3956D46DE8}") = "10.Presentacion", "10.Presentacion", "{E1855FBC-E887-4298-A3CB-40C91056B168}"
EndProject
Project("{2150E333-8FDC-42A3-9474-1A3956D46DE8}") = "20.Servicios", "20.Servicios", "{3BBA24C9-72F6-448C-A6F9-4B5271A2E336}"
EndProject
Project("{2150E333-8FDC-42A3-9474-1A3956D46DE8}") = "30.Aplicacion", "30.Aplicacion", "{A0CA058B-FCF7-4044-A2E2-4C3B45A67A78}"
EndProject
Project("{2150E333-8FDC-42A3-9474-1A3956D46DE8}") = "40.Dominio", "40.Dominio", "{D33A9403-5839-45A7-9288-2DBF3024DD3C}"
EndProject
Project("{2150E333-8FDC-42A3-9474-1A3956D46DE8}") = "50.Data", "50.Data", "{B0DEE24D-BD2D-41C4-BA84-01DDC687063A}"
EndProject
Project("{2150E333-8FDC-42A3-9474-1A3956D46DE8}") = "60.Mapa", "60.Mapa", "{DF97033C-22D1-498C-A7F5-3B7261D3FA23}"
EndProject
Project("{2150E333-8FDC-42A3-9474-1A3956D46DE8}") = "70.Helper", "70.Helper", "{F4BD896E-4C96-4B92-99B5-E0CC60F7CEDC}"
EndProject
Project("{2150E333-8FDC-42A3-9474-1A3956D46DE8}") = "80.Seguridad", "80.Seguridad", "{80997DEB-F628-47E7-AA1F-A991A43C7DB0}"
EndProject
Project("{FAE04EC0-301F-11D3-BF4B-00C04F79EFBC}") = "Data.Modelo", "Data.Modelo\Data.Modelo.csproj", "{41312BEC-BAA7-4CC8-9F94-CEE23E18C694}"
EndProject
Project("{FAE04EC0-301F-11D3-BF4B-00C04F79EFBC}") = "Data.Entidad", "Data.Entidad\Data.Entidad.csproj", "{60F13DD6-F7A8-4D51-846B-1EF93F137007}"
EndProject
Project("{FAE04EC0-301F-11D3-BF4B-00C04F79EFBC}") = "Data.Repositorio", "Data.Repositorio\Data.Repositorio.csproj", "{D2CD8F43-C00F-4CDE-A927-FDFF3169EDBD}"
EndProject
Project("{FAE04EC0-301F-11D3-BF4B-00C04F79EFBC}") = "Dominio", "Dominio\Dominio.csproj", "{6225F5D8-5071-4265-833C-87AECD56AB3E}"
EndProject
Project("{FAE04EC0-301F-11D3-BF4B-00C04F79EFBC}") = "Aplicacion.Entidad", "Aplicacion.Entidad\Aplicacion.Entidad.csproj", "{2E0C1AF3-C91D-475A-A1EE-12AF3BE82A4D}"
EndProject
Project("{FAE04EC0-301F-11D3-BF4B-00C04F79EFBC}") = "Aplicacion.Aplicacion", "Aplicacion.Aplicacion\Aplicacion.Aplicacion.csproj", "{22811D02-A2E3-4667-A886-2E4C74D9D7FC}"
EndProject
Project("{FAE04EC0-301F-11D3-BF4B-00C04F79EFBC}") = "Mapa", "Mapa\Mapa.csproj", "{8FB641AE-90C9-4839-A01A-B2DBAFAEFE72}"
EndProject
Project("{FAE04EC0-301F-11D3-BF4B-00C04F79EFBC}") = "Servicios.WebApi", "Servicios.WebApi\Servicios.WebApi.csproj", "{05AA3AA6-CC0A-4851-B868-9BBFBBFD9B38}"
EndProject
Global
	GlobalSection(SolutionConfigurationPlatforms) = preSolution
		Debug|Any CPU = Debug|Any CPU
		Release|Any CPU = Release|Any CPU
	EndGlobalSection
	GlobalSection(ProjectConfigurationPlatforms) = postSolution
		{809F83B2-6C82-4C58-A6D3-BFF9031150E6}.Debug|Any CPU.ActiveCfg = Debug|Any CPU
		{809F83B2-6C82-4C58-A6D3-BFF9031150E6}.Debug|Any CPU.Build.0 = Debug|Any CPU
		{809F83B2-6C82-4C58-A6D3-BFF9031150E6}.Release|Any CPU.ActiveCfg = Release|Any CPU
		{809F83B2-6C82-4C58-A6D3-BFF9031150E6}.Release|Any CPU.Build.0 = Release|Any CPU
		{41312BEC-BAA7-4CC8-9F94-CEE23E18C694}.Debug|Any CPU.ActiveCfg = Debug|Any CPU
		{41312BEC-BAA7-4CC8-9F94-CEE23E18C694}.Debug|Any CPU.Build.0 = Debug|Any CPU
		{41312BEC-BAA7-4CC8-9F94-CEE23E18C694}.Release|Any CPU.ActiveCfg = Release|Any CPU
		{41312BEC-BAA7-4CC8-9F94-CEE23E18C694}.Release|Any CPU.Build.0 = Release|Any CPU
		{60F13DD6-F7A8-4D51-846B-1EF93F137007}.Debug|Any CPU.ActiveCfg = Debug|Any CPU
		{60F13DD6-F7A8-4D51-846B-1EF93F137007}.Debug|Any CPU.Build.0 = Debug|Any CPU
		{60F13DD6-F7A8-4D51-846B-1EF93F137007}.Release|Any CPU.ActiveCfg = Release|Any CPU
		{60F13DD6-F7A8-4D51-846B-1EF93F137007}.Release|Any CPU.Build.0 = Release|Any CPU
		{D2CD8F43-C00F-4CDE-A927-FDFF3169EDBD}.Debug|Any CPU.ActiveCfg = Debug|Any CPU
		{D2CD8F43-C00F-4CDE-A927-FDFF3169EDBD}.Debug|Any CPU.Build.0 = Debug|Any CPU
		{D2CD8F43-C00F-4CDE-A927-FDFF3169EDBD}.Release|Any CPU.ActiveCfg = Release|Any CPU
		{D2CD8F43-C00F-4CDE-A927-FDFF3169EDBD}.Release|Any CPU.Build.0 = Release|Any CPU
		{6225F5D8-5071-4265-833C-87AECD56AB3E}.Debug|Any CPU.ActiveCfg = Debug|Any CPU
		{6225F5D8-5071-4265-833C-87AECD56AB3E}.Debug|Any CPU.Build.0 = Debug|Any CPU
		{6225F5D8-5071-4265-833C-87AECD56AB3E}.Release|Any CPU.ActiveCfg = Release|Any CPU
		{6225F5D8-5071-4265-833C-87AECD56AB3E}.Release|Any CPU.Build.0 = Release|Any CPU
		{2E0C1AF3-C91D-475A-A1EE-12AF3BE82A4D}.Debug|Any CPU.ActiveCfg = Debug|Any CPU
		{2E0C1AF3-C91D-475A-A1EE-12AF3BE82A4D}.Debug|Any CPU.Build.0 = Debug|Any CPU
		{2E0C1AF3-C91D-475A-A1EE-12AF3BE82A4D}.Release|Any CPU.ActiveCfg = Release|Any CPU
		{2E0C1AF3-C91D-475A-A1EE-12AF3BE82A4D}.Release|Any CPU.Build.0 = Release|Any CPU
		{22811D02-A2E3-4667-A886-2E4C74D9D7FC}.Debug|Any CPU.ActiveCfg = Debug|Any CPU
		{22811D02-A2E3-4667-A886-2E4C74D9D7FC}.Debug|Any CPU.Build.0 = Debug|Any CPU
		{22811D02-A2E3-4667-A886-2E4C74D9D7FC}.Release|Any CPU.ActiveCfg = Release|Any CPU
		{22811D02-A2E3-4667-A886-2E4C74D9D7FC}.Release|Any CPU.Build.0 = Release|Any CPU
		{8FB641AE-90C9-4839-A01A-B2DBAFAEFE72}.Debug|Any CPU.ActiveCfg = Debug|Any CPU
		{8FB641AE-90C9-4839-A01A-B2DBAFAEFE72}.Debug|Any CPU.Build.0 = Debug|Any CPU
		{8FB641AE-90C9-4839-A01A-B2DBAFAEFE72}.Release|Any CPU.ActiveCfg = Release|Any CPU
		{8FB641AE-90C9-4839-A01A-B2DBAFAEFE72}.Release|Any CPU.Build.0 = Release|Any CPU
		{05AA3AA6-CC0A-4851-B868-9BBFBBFD9B38}.Debug|Any CPU.ActiveCfg = Debug|Any CPU
		{05AA3AA6-CC0A-4851-B868-9BBFBBFD9B38}.Debug|Any CPU.Build.0 = Debug|Any CPU
		{05AA3AA6-CC0A-4851-B868-9BBFBBFD9B38}.Release|Any CPU.ActiveCfg = Release|Any CPU
		{05AA3AA6-CC0A-4851-B868-9BBFBBFD9B38}.Release|Any CPU.Build.0 = Release|Any CPU
	EndGlobalSection
	GlobalSection(SolutionProperties) = preSolution
		HideSolutionNode = FALSE
	EndGlobalSection
	GlobalSection(NestedProjects) = preSolution
		{809F83B2-6C82-4C58-A6D3-BFF9031150E6} = {E1855FBC-E887-4298-A3CB-40C91056B168}
		{41312BEC-BAA7-4CC8-9F94-CEE23E18C694} = {B0DEE24D-BD2D-41C4-BA84-01DDC687063A}
		{60F13DD6-F7A8-4D51-846B-1EF93F137007} = {B0DEE24D-BD2D-41C4-BA84-01DDC687063A}
		{D2CD8F43-C00F-4CDE-A927-FDFF3169EDBD} = {B0DEE24D-BD2D-41C4-BA84-01DDC687063A}
		{6225F5D8-5071-4265-833C-87AECD56AB3E} = {D33A9403-5839-45A7-9288-2DBF3024DD3C}
		{2E0C1AF3-C91D-475A-A1EE-12AF3BE82A4D} = {A0CA058B-FCF7-4044-A2E2-4C3B45A67A78}
		{22811D02-A2E3-4667-A886-2E4C74D9D7FC} = {A0CA058B-FCF7-4044-A2E2-4C3B45A67A78}
		{8FB641AE-90C9-4839-A01A-B2DBAFAEFE72} = {DF97033C-22D1-498C-A7F5-3B7261D3FA23}
		{05AA3AA6-CC0A-4851-B868-9BBFBBFD9B38} = {3BBA24C9-72F6-448C-A6F9-4B5271A2E336}
	EndGlobalSection
EndGlobal
